// !$*UTF8*$!
{
	archiveVersion = 1;
	classes = {
	};
	objectVersion = 56;
	objects = {

/* Begin PBXBuildFile section */
		233E9F5E2B51702000192B24 /* Then in Frameworks */ = {isa = PBXBuildFile; productRef = 233E9F5D2B51702000192B24 /* Then */; };
		233E9F612B51704D00192B24 /* SnapKit in Frameworks */ = {isa = PBXBuildFile; productRef = 233E9F602B51704D00192B24 /* SnapKit */; };
		233E9F662B5170B500192B24 /* Alamofire in Frameworks */ = {isa = PBXBuildFile; productRef = 233E9F652B5170B500192B24 /* Alamofire */; };
		233E9F6C2B51980200192B24 /* UserInfoViewController.swift in Sources */ = {isa = PBXBuildFile; fileRef = 233E9F6B2B51980200192B24 /* UserInfoViewController.swift */; };
		233E9F6E2B51A70900192B24 /* MyBadgeViewController.swift in Sources */ = {isa = PBXBuildFile; fileRef = 233E9F6D2B51A70900192B24 /* MyBadgeViewController.swift */; };
		233E9F702B51ADDB00192B24 /* SetGoalViewController.swift in Sources */ = {isa = PBXBuildFile; fileRef = 233E9F6F2B51ADDB00192B24 /* SetGoalViewController.swift */; };
		233E9F722B51C93C00192B24 /* ShowMatchingTimeViewController.swift in Sources */ = {isa = PBXBuildFile; fileRef = 233E9F712B51C93C00192B24 /* ShowMatchingTimeViewController.swift */; };
		7835D7362B515B11007BAF9C /* AppDelegate.swift in Sources */ = {isa = PBXBuildFile; fileRef = 7835D7352B515B11007BAF9C /* AppDelegate.swift */; };
		7835D7382B515B11007BAF9C /* SceneDelegate.swift in Sources */ = {isa = PBXBuildFile; fileRef = 7835D7372B515B11007BAF9C /* SceneDelegate.swift */; };
		7835D73A2B515B11007BAF9C /* ViewController.swift in Sources */ = {isa = PBXBuildFile; fileRef = 7835D7392B515B11007BAF9C /* ViewController.swift */; };
		7835D73D2B515B11007BAF9C /* Main.storyboard in Resources */ = {isa = PBXBuildFile; fileRef = 7835D73B2B515B11007BAF9C /* Main.storyboard */; };
		7835D73F2B515B12007BAF9C /* Assets.xcassets in Resources */ = {isa = PBXBuildFile; fileRef = 7835D73E2B515B12007BAF9C /* Assets.xcassets */; };
		7835D7422B515B12007BAF9C /* LaunchScreen.storyboard in Resources */ = {isa = PBXBuildFile; fileRef = 7835D7402B515B12007BAF9C /* LaunchScreen.storyboard */; };
		7835D74B2B516067007BAF9C /* GroupViewController.swift in Sources */ = {isa = PBXBuildFile; fileRef = 7835D74A2B516067007BAF9C /* GroupViewController.swift */; };
		7835D74D2B5160DA007BAF9C /* Group.storyboard in Resources */ = {isa = PBXBuildFile; fileRef = 7835D74C2B5160DA007BAF9C /* Group.storyboard */; };
		7835D75B2B516726007BAF9C /* ProfileViewController.swift in Sources */ = {isa = PBXBuildFile; fileRef = 7835D75A2B516726007BAF9C /* ProfileViewController.swift */; };
		7835D75D2B51672F007BAF9C /* PersonalViewController.swift in Sources */ = {isa = PBXBuildFile; fileRef = 7835D75C2B51672F007BAF9C /* PersonalViewController.swift */; };
		7835D75F2B51673F007BAF9C /* Personal.storyboard in Resources */ = {isa = PBXBuildFile; fileRef = 7835D75E2B51673F007BAF9C /* Personal.storyboard */; };
		7835D7612B516746007BAF9C /* Profile.storyboard in Resources */ = {isa = PBXBuildFile; fileRef = 7835D7602B516746007BAF9C /* Profile.storyboard */; };
		7876B45F2B51BB4900F5B128 /* SelectGoalPersonalViewController.swift in Sources */ = {isa = PBXBuildFile; fileRef = 7876B45E2B51BB4900F5B128 /* SelectGoalPersonalViewController.swift */; };
		78E193FF2B5171B300128361 /* LookinServer in Frameworks */ = {isa = PBXBuildFile; productRef = 78E193FE2B5171B300128361 /* LookinServer */; };
		78E194012B5173E600128361 /* GroupAuthViewController.swift in Sources */ = {isa = PBXBuildFile; fileRef = 78E194002B5173E600128361 /* GroupAuthViewController.swift */; };
		78FEBE442B51982F0094A4F0 /* PhotoCVC.swift in Sources */ = {isa = PBXBuildFile; fileRef = 78FEBE432B51982F0094A4F0 /* PhotoCVC.swift */; };
		78FEBE472B5199DD0094A4F0 /* BSImagePicker in Frameworks */ = {isa = PBXBuildFile; productRef = 78FEBE462B5199DD0094A4F0 /* BSImagePicker */; };
		78FEBE492B51AC5B0094A4F0 /* SelectGoalViewController.swift in Sources */ = {isa = PBXBuildFile; fileRef = 78FEBE482B51AC5B0094A4F0 /* SelectGoalViewController.swift */; };
/* End PBXBuildFile section */

/* Begin PBXFileReference section */
		233E9F6B2B51980200192B24 /* UserInfoViewController.swift */ = {isa = PBXFileReference; lastKnownFileType = sourcecode.swift; path = UserInfoViewController.swift; sourceTree = "<group>"; };
		233E9F6D2B51A70900192B24 /* MyBadgeViewController.swift */ = {isa = PBXFileReference; lastKnownFileType = sourcecode.swift; path = MyBadgeViewController.swift; sourceTree = "<group>"; };
		233E9F6F2B51ADDB00192B24 /* SetGoalViewController.swift */ = {isa = PBXFileReference; lastKnownFileType = sourcecode.swift; path = SetGoalViewController.swift; sourceTree = "<group>"; };
		233E9F712B51C93C00192B24 /* ShowMatchingTimeViewController.swift */ = {isa = PBXFileReference; lastKnownFileType = sourcecode.swift; path = ShowMatchingTimeViewController.swift; sourceTree = "<group>"; };
		7835D7322B515B11007BAF9C /* GoalKeeper-iOS.app */ = {isa = PBXFileReference; explicitFileType = wrapper.application; includeInIndex = 0; path = "GoalKeeper-iOS.app"; sourceTree = BUILT_PRODUCTS_DIR; };
		7835D7352B515B11007BAF9C /* AppDelegate.swift */ = {isa = PBXFileReference; lastKnownFileType = sourcecode.swift; path = AppDelegate.swift; sourceTree = "<group>"; };
		7835D7372B515B11007BAF9C /* SceneDelegate.swift */ = {isa = PBXFileReference; lastKnownFileType = sourcecode.swift; path = SceneDelegate.swift; sourceTree = "<group>"; };
		7835D7392B515B11007BAF9C /* ViewController.swift */ = {isa = PBXFileReference; lastKnownFileType = sourcecode.swift; path = ViewController.swift; sourceTree = "<group>"; };
		7835D73C2B515B11007BAF9C /* Base */ = {isa = PBXFileReference; lastKnownFileType = file.storyboard; name = Base; path = Base.lproj/Main.storyboard; sourceTree = "<group>"; };
		7835D73E2B515B12007BAF9C /* Assets.xcassets */ = {isa = PBXFileReference; lastKnownFileType = folder.assetcatalog; path = Assets.xcassets; sourceTree = "<group>"; };
		7835D7412B515B12007BAF9C /* Base */ = {isa = PBXFileReference; lastKnownFileType = file.storyboard; name = Base; path = Base.lproj/LaunchScreen.storyboard; sourceTree = "<group>"; };
		7835D7432B515B12007BAF9C /* Info.plist */ = {isa = PBXFileReference; lastKnownFileType = text.plist.xml; path = Info.plist; sourceTree = "<group>"; };
		7835D74A2B516067007BAF9C /* GroupViewController.swift */ = {isa = PBXFileReference; lastKnownFileType = sourcecode.swift; path = GroupViewController.swift; sourceTree = "<group>"; };
		7835D74C2B5160DA007BAF9C /* Group.storyboard */ = {isa = PBXFileReference; lastKnownFileType = file.storyboard; path = Group.storyboard; sourceTree = "<group>"; };
		7835D74F2B5161B0007BAF9C /* Pretendard-SemiBold.otf */ = {isa = PBXFileReference; lastKnownFileType = file; path = "Pretendard-SemiBold.otf"; sourceTree = "<group>"; };
		7835D7502B5161B0007BAF9C /* Pretendard-Light.otf */ = {isa = PBXFileReference; lastKnownFileType = file; path = "Pretendard-Light.otf"; sourceTree = "<group>"; };
		7835D7512B5161B0007BAF9C /* Pretendard-Bold.otf */ = {isa = PBXFileReference; lastKnownFileType = file; path = "Pretendard-Bold.otf"; sourceTree = "<group>"; };
		7835D7522B5161B0007BAF9C /* Pretendard-ExtraLight.otf */ = {isa = PBXFileReference; lastKnownFileType = file; path = "Pretendard-ExtraLight.otf"; sourceTree = "<group>"; };
		7835D7532B5161B0007BAF9C /* Pretendard-Black.otf */ = {isa = PBXFileReference; lastKnownFileType = file; path = "Pretendard-Black.otf"; sourceTree = "<group>"; };
		7835D7542B5161B0007BAF9C /* Pretendard-ExtraBold.otf */ = {isa = PBXFileReference; lastKnownFileType = file; path = "Pretendard-ExtraBold.otf"; sourceTree = "<group>"; };
		7835D7552B5161B1007BAF9C /* Pretendard-Medium.otf */ = {isa = PBXFileReference; lastKnownFileType = file; path = "Pretendard-Medium.otf"; sourceTree = "<group>"; };
		7835D7562B5161B1007BAF9C /* Pretendard-Regular.otf */ = {isa = PBXFileReference; lastKnownFileType = file; path = "Pretendard-Regular.otf"; sourceTree = "<group>"; };
		7835D7572B5161B1007BAF9C /* Pretendard-Thin.otf */ = {isa = PBXFileReference; lastKnownFileType = file; path = "Pretendard-Thin.otf"; sourceTree = "<group>"; };
		7835D75A2B516726007BAF9C /* ProfileViewController.swift */ = {isa = PBXFileReference; lastKnownFileType = sourcecode.swift; path = ProfileViewController.swift; sourceTree = "<group>"; };
		7835D75C2B51672F007BAF9C /* PersonalViewController.swift */ = {isa = PBXFileReference; lastKnownFileType = sourcecode.swift; path = PersonalViewController.swift; sourceTree = "<group>"; };
		7835D75E2B51673F007BAF9C /* Personal.storyboard */ = {isa = PBXFileReference; lastKnownFileType = file.storyboard; path = Personal.storyboard; sourceTree = "<group>"; };
		7835D7602B516746007BAF9C /* Profile.storyboard */ = {isa = PBXFileReference; lastKnownFileType = file.storyboard; path = Profile.storyboard; sourceTree = "<group>"; };
		7876B45E2B51BB4900F5B128 /* SelectGoalPersonalViewController.swift */ = {isa = PBXFileReference; lastKnownFileType = sourcecode.swift; path = SelectGoalPersonalViewController.swift; sourceTree = "<group>"; };
		78E194002B5173E600128361 /* GroupAuthViewController.swift */ = {isa = PBXFileReference; lastKnownFileType = sourcecode.swift; path = GroupAuthViewController.swift; sourceTree = "<group>"; };
		78FEBE432B51982F0094A4F0 /* PhotoCVC.swift */ = {isa = PBXFileReference; fileEncoding = 4; lastKnownFileType = sourcecode.swift; path = PhotoCVC.swift; sourceTree = "<group>"; };
		78FEBE482B51AC5B0094A4F0 /* SelectGoalViewController.swift */ = {isa = PBXFileReference; lastKnownFileType = sourcecode.swift; path = SelectGoalViewController.swift; sourceTree = "<group>"; };
/* End PBXFileReference section */

/* Begin PBXFrameworksBuildPhase section */
		7835D72F2B515B11007BAF9C /* Frameworks */ = {
			isa = PBXFrameworksBuildPhase;
			buildActionMask = 2147483647;
			files = (
				78E193FF2B5171B300128361 /* LookinServer in Frameworks */,
				233E9F5E2B51702000192B24 /* Then in Frameworks */,
				233E9F662B5170B500192B24 /* Alamofire in Frameworks */,
				78FEBE472B5199DD0094A4F0 /* BSImagePicker in Frameworks */,
				233E9F612B51704D00192B24 /* SnapKit in Frameworks */,
			);
			runOnlyForDeploymentPostprocessing = 0;
		};
/* End PBXFrameworksBuildPhase section */

/* Begin PBXGroup section */
		7835D7292B515B11007BAF9C = {
			isa = PBXGroup;
			children = (
				7835D74E2B516197007BAF9C /* Font */,
				7835D7342B515B11007BAF9C /* GoalKeeper-iOS */,
				7835D7332B515B11007BAF9C /* Products */,
			);
			sourceTree = "<group>";
		};
		7835D7332B515B11007BAF9C /* Products */ = {
			isa = PBXGroup;
			children = (
				7835D7322B515B11007BAF9C /* GoalKeeper-iOS.app */,
			);
			name = Products;
			sourceTree = "<group>";
		};
		7835D7342B515B11007BAF9C /* GoalKeeper-iOS */ = {
			isa = PBXGroup;
			children = (
				7835D7592B516712007BAF9C /* Profile */,
				7835D7582B516608007BAF9C /* personal */,
				7835D7492B51604D007BAF9C /* Group */,
				7835D7352B515B11007BAF9C /* AppDelegate.swift */,
				7835D7372B515B11007BAF9C /* SceneDelegate.swift */,
				7835D7392B515B11007BAF9C /* ViewController.swift */,
				7835D73B2B515B11007BAF9C /* Main.storyboard */,
				7835D73E2B515B12007BAF9C /* Assets.xcassets */,
				7835D7402B515B12007BAF9C /* LaunchScreen.storyboard */,
				7835D7432B515B12007BAF9C /* Info.plist */,
			);
			path = "GoalKeeper-iOS";
			sourceTree = "<group>";
		};
		7835D7492B51604D007BAF9C /* Group */ = {
			isa = PBXGroup;
			children = (
				78FEBE432B51982F0094A4F0 /* PhotoCVC.swift */,
				78E194002B5173E600128361 /* GroupAuthViewController.swift */,
				7835D74A2B516067007BAF9C /* GroupViewController.swift */,
				78FEBE482B51AC5B0094A4F0 /* SelectGoalViewController.swift */,
				7835D74C2B5160DA007BAF9C /* Group.storyboard */,
			);
			path = Group;
			sourceTree = "<group>";
		};
		7835D74E2B516197007BAF9C /* Font */ = {
			isa = PBXGroup;
			children = (
				7835D7532B5161B0007BAF9C /* Pretendard-Black.otf */,
				7835D7512B5161B0007BAF9C /* Pretendard-Bold.otf */,
				7835D7542B5161B0007BAF9C /* Pretendard-ExtraBold.otf */,
				7835D7522B5161B0007BAF9C /* Pretendard-ExtraLight.otf */,
				7835D7502B5161B0007BAF9C /* Pretendard-Light.otf */,
				7835D7552B5161B1007BAF9C /* Pretendard-Medium.otf */,
				7835D7562B5161B1007BAF9C /* Pretendard-Regular.otf */,
				7835D74F2B5161B0007BAF9C /* Pretendard-SemiBold.otf */,
				7835D7572B5161B1007BAF9C /* Pretendard-Thin.otf */,
			);
			path = Font;
			sourceTree = "<group>";
		};
		7835D7582B516608007BAF9C /* personal */ = {
			isa = PBXGroup;
			children = (
				7835D75C2B51672F007BAF9C /* PersonalViewController.swift */,
				7835D75E2B51673F007BAF9C /* Personal.storyboard */,
				7876B45E2B51BB4900F5B128 /* SelectGoalPersonalViewController.swift */,
				233E9F6F2B51ADDB00192B24 /* SetGoalViewController.swift */,
				233E9F712B51C93C00192B24 /* ShowMatchingTimeViewController.swift */,
			);
			path = personal;
			sourceTree = "<group>";
		};
		7835D7592B516712007BAF9C /* Profile */ = {
			isa = PBXGroup;
			children = (
				7835D75A2B516726007BAF9C /* ProfileViewController.swift */,
				7835D7602B516746007BAF9C /* Profile.storyboard */,
				233E9F6B2B51980200192B24 /* UserInfoViewController.swift */,
				233E9F6D2B51A70900192B24 /* MyBadgeViewController.swift */,
			);
			path = Profile;
			sourceTree = "<group>";
		};
/* End PBXGroup section */

/* Begin PBXNativeTarget section */
		7835D7312B515B11007BAF9C /* GoalKeeper-iOS */ = {
			isa = PBXNativeTarget;
			buildConfigurationList = 7835D7462B515B12007BAF9C /* Build configuration list for PBXNativeTarget "GoalKeeper-iOS" */;
			buildPhases = (
				7835D72E2B515B11007BAF9C /* Sources */,
				7835D72F2B515B11007BAF9C /* Frameworks */,
				7835D7302B515B11007BAF9C /* Resources */,
			);
			buildRules = (
			);
			dependencies = (
			);
			name = "GoalKeeper-iOS";
			packageProductDependencies = (
				233E9F5D2B51702000192B24 /* Then */,
				233E9F602B51704D00192B24 /* SnapKit */,
				233E9F652B5170B500192B24 /* Alamofire */,
				78E193FE2B5171B300128361 /* LookinServer */,
				78FEBE462B5199DD0094A4F0 /* BSImagePicker */,
			);
			productName = "GoalKeeper-iOS";
			productReference = 7835D7322B515B11007BAF9C /* GoalKeeper-iOS.app */;
			productType = "com.apple.product-type.application";
		};
/* End PBXNativeTarget section */

/* Begin PBXProject section */
		7835D72A2B515B11007BAF9C /* Project object */ = {
			isa = PBXProject;
			attributes = {
				BuildIndependentTargetsInParallel = 1;
				LastSwiftUpdateCheck = 1510;
				LastUpgradeCheck = 1510;
				TargetAttributes = {
					7835D7312B515B11007BAF9C = {
						CreatedOnToolsVersion = 15.1;
					};
				};
			};
			buildConfigurationList = 7835D72D2B515B11007BAF9C /* Build configuration list for PBXProject "GoalKeeper-iOS" */;
			compatibilityVersion = "Xcode 14.0";
			developmentRegion = en;
			hasScannedForEncodings = 0;
			knownRegions = (
				en,
				Base,
			);
			mainGroup = 7835D7292B515B11007BAF9C;
			packageReferences = (
				233E9F5C2B51702000192B24 /* XCRemoteSwiftPackageReference "Then" */,
				233E9F5F2B51704D00192B24 /* XCRemoteSwiftPackageReference "SnapKit" */,
				233E9F642B5170B500192B24 /* XCRemoteSwiftPackageReference "Alamofire" */,
				78E193FD2B5171B300128361 /* XCRemoteSwiftPackageReference "LookinServer" */,
				78FEBE452B5199DD0094A4F0 /* XCRemoteSwiftPackageReference "BSImagePicker" */,
			);
			productRefGroup = 7835D7332B515B11007BAF9C /* Products */;
			projectDirPath = "";
			projectRoot = "";
			targets = (
				7835D7312B515B11007BAF9C /* GoalKeeper-iOS */,
			);
		};
/* End PBXProject section */

/* Begin PBXResourcesBuildPhase section */
		7835D7302B515B11007BAF9C /* Resources */ = {
			isa = PBXResourcesBuildPhase;
			buildActionMask = 2147483647;
			files = (
				7835D7612B516746007BAF9C /* Profile.storyboard in Resources */,
				7835D74D2B5160DA007BAF9C /* Group.storyboard in Resources */,
				7835D75F2B51673F007BAF9C /* Personal.storyboard in Resources */,
				7835D7422B515B12007BAF9C /* LaunchScreen.storyboard in Resources */,
				7835D73F2B515B12007BAF9C /* Assets.xcassets in Resources */,
				7835D73D2B515B11007BAF9C /* Main.storyboard in Resources */,
			);
			runOnlyForDeploymentPostprocessing = 0;
		};
/* End PBXResourcesBuildPhase section */

/* Begin PBXSourcesBuildPhase section */
		7835D72E2B515B11007BAF9C /* Sources */ = {
			isa = PBXSourcesBuildPhase;
			buildActionMask = 2147483647;
			files = (
				233E9F6E2B51A70900192B24 /* MyBadgeViewController.swift in Sources */,
				7835D74B2B516067007BAF9C /* GroupViewController.swift in Sources */,
				233E9F6C2B51980200192B24 /* UserInfoViewController.swift in Sources */,
				7876B45F2B51BB4900F5B128 /* SelectGoalPersonalViewController.swift in Sources */,
				7835D73A2B515B11007BAF9C /* ViewController.swift in Sources */,
				233E9F702B51ADDB00192B24 /* SetGoalViewController.swift in Sources */,
				233E9F722B51C93C00192B24 /* ShowMatchingTimeViewController.swift in Sources */,
				78E194012B5173E600128361 /* GroupAuthViewController.swift in Sources */,
				7835D75B2B516726007BAF9C /* ProfileViewController.swift in Sources */,
				7835D7362B515B11007BAF9C /* AppDelegate.swift in Sources */,
				7835D75D2B51672F007BAF9C /* PersonalViewController.swift in Sources */,
				78FEBE492B51AC5B0094A4F0 /* SelectGoalViewController.swift in Sources */,
				7835D7382B515B11007BAF9C /* SceneDelegate.swift in Sources */,
				78FEBE442B51982F0094A4F0 /* PhotoCVC.swift in Sources */,
			);
			runOnlyForDeploymentPostprocessing = 0;
		};
/* End PBXSourcesBuildPhase section */

/* Begin PBXVariantGroup section */
		7835D73B2B515B11007BAF9C /* Main.storyboard */ = {
			isa = PBXVariantGroup;
			children = (
				7835D73C2B515B11007BAF9C /* Base */,
			);
			name = Main.storyboard;
			sourceTree = "<group>";
		};
		7835D7402B515B12007BAF9C /* LaunchScreen.storyboard */ = {
			isa = PBXVariantGroup;
			children = (
				7835D7412B515B12007BAF9C /* Base */,
			);
			name = LaunchScreen.storyboard;
			sourceTree = "<group>";
		};
/* End PBXVariantGroup section */

/* Begin XCBuildConfiguration section */
		7835D7442B515B12007BAF9C /* Debug */ = {
			isa = XCBuildConfiguration;
			buildSettings = {
				ALWAYS_SEARCH_USER_PATHS = NO;
				ASSETCATALOG_COMPILER_GENERATE_SWIFT_ASSET_SYMBOL_EXTENSIONS = YES;
				CLANG_ANALYZER_NONNULL = YES;
				CLANG_ANALYZER_NUMBER_OBJECT_CONVERSION = YES_AGGRESSIVE;
				CLANG_CXX_LANGUAGE_STANDARD = "gnu++20";
				CLANG_ENABLE_MODULES = YES;
				CLANG_ENABLE_OBJC_ARC = YES;
				CLANG_ENABLE_OBJC_WEAK = YES;
				CLANG_WARN_BLOCK_CAPTURE_AUTORELEASING = YES;
				CLANG_WARN_BOOL_CONVERSION = YES;
				CLANG_WARN_COMMA = YES;
				CLANG_WARN_CONSTANT_CONVERSION = YES;
				CLANG_WARN_DEPRECATED_OBJC_IMPLEMENTATIONS = YES;
				CLANG_WARN_DIRECT_OBJC_ISA_USAGE = YES_ERROR;
				CLANG_WARN_DOCUMENTATION_COMMENTS = YES;
				CLANG_WARN_EMPTY_BODY = YES;
				CLANG_WARN_ENUM_CONVERSION = YES;
				CLANG_WARN_INFINITE_RECURSION = YES;
				CLANG_WARN_INT_CONVERSION = YES;
				CLANG_WARN_NON_LITERAL_NULL_CONVERSION = YES;
				CLANG_WARN_OBJC_IMPLICIT_RETAIN_SELF = YES;
				CLANG_WARN_OBJC_LITERAL_CONVERSION = YES;
				CLANG_WARN_OBJC_ROOT_CLASS = YES_ERROR;
				CLANG_WARN_QUOTED_INCLUDE_IN_FRAMEWORK_HEADER = YES;
				CLANG_WARN_RANGE_LOOP_ANALYSIS = YES;
				CLANG_WARN_STRICT_PROTOTYPES = YES;
				CLANG_WARN_SUSPICIOUS_MOVE = YES;
				CLANG_WARN_UNGUARDED_AVAILABILITY = YES_AGGRESSIVE;
				CLANG_WARN_UNREACHABLE_CODE = YES;
				CLANG_WARN__DUPLICATE_METHOD_MATCH = YES;
				COPY_PHASE_STRIP = NO;
				DEBUG_INFORMATION_FORMAT = dwarf;
				ENABLE_STRICT_OBJC_MSGSEND = YES;
				ENABLE_TESTABILITY = YES;
				ENABLE_USER_SCRIPT_SANDBOXING = YES;
				GCC_C_LANGUAGE_STANDARD = gnu17;
				GCC_DYNAMIC_NO_PIC = NO;
				GCC_NO_COMMON_BLOCKS = YES;
				GCC_OPTIMIZATION_LEVEL = 0;
				GCC_PREPROCESSOR_DEFINITIONS = (
					"DEBUG=1",
					"$(inherited)",
				);
				GCC_WARN_64_TO_32_BIT_CONVERSION = YES;
				GCC_WARN_ABOUT_RETURN_TYPE = YES_ERROR;
				GCC_WARN_UNDECLARED_SELECTOR = YES;
				GCC_WARN_UNINITIALIZED_AUTOS = YES_AGGRESSIVE;
				GCC_WARN_UNUSED_FUNCTION = YES;
				GCC_WARN_UNUSED_VARIABLE = YES;
				IPHONEOS_DEPLOYMENT_TARGET = 14.0;
				LOCALIZATION_PREFERS_STRING_CATALOGS = YES;
				MTL_ENABLE_DEBUG_INFO = INCLUDE_SOURCE;
				MTL_FAST_MATH = YES;
				ONLY_ACTIVE_ARCH = YES;
				SDKROOT = iphoneos;
				SWIFT_ACTIVE_COMPILATION_CONDITIONS = "DEBUG $(inherited)";
				SWIFT_OPTIMIZATION_LEVEL = "-Onone";
			};
			name = Debug;
		};
		7835D7452B515B12007BAF9C /* Release */ = {
			isa = XCBuildConfiguration;
			buildSettings = {
				ALWAYS_SEARCH_USER_PATHS = NO;
				ASSETCATALOG_COMPILER_GENERATE_SWIFT_ASSET_SYMBOL_EXTENSIONS = YES;
				CLANG_ANALYZER_NONNULL = YES;
				CLANG_ANALYZER_NUMBER_OBJECT_CONVERSION = YES_AGGRESSIVE;
				CLANG_CXX_LANGUAGE_STANDARD = "gnu++20";
				CLANG_ENABLE_MODULES = YES;
				CLANG_ENABLE_OBJC_ARC = YES;
				CLANG_ENABLE_OBJC_WEAK = YES;
				CLANG_WARN_BLOCK_CAPTURE_AUTORELEASING = YES;
				CLANG_WARN_BOOL_CONVERSION = YES;
				CLANG_WARN_COMMA = YES;
				CLANG_WARN_CONSTANT_CONVERSION = YES;
				CLANG_WARN_DEPRECATED_OBJC_IMPLEMENTATIONS = YES;
				CLANG_WARN_DIRECT_OBJC_ISA_USAGE = YES_ERROR;
				CLANG_WARN_DOCUMENTATION_COMMENTS = YES;
				CLANG_WARN_EMPTY_BODY = YES;
				CLANG_WARN_ENUM_CONVERSION = YES;
				CLANG_WARN_INFINITE_RECURSION = YES;
				CLANG_WARN_INT_CONVERSION = YES;
				CLANG_WARN_NON_LITERAL_NULL_CONVERSION = YES;
				CLANG_WARN_OBJC_IMPLICIT_RETAIN_SELF = YES;
				CLANG_WARN_OBJC_LITERAL_CONVERSION = YES;
				CLANG_WARN_OBJC_ROOT_CLASS = YES_ERROR;
				CLANG_WARN_QUOTED_INCLUDE_IN_FRAMEWORK_HEADER = YES;
				CLANG_WARN_RANGE_LOOP_ANALYSIS = YES;
				CLANG_WARN_STRICT_PROTOTYPES = YES;
				CLANG_WARN_SUSPICIOUS_MOVE = YES;
				CLANG_WARN_UNGUARDED_AVAILABILITY = YES_AGGRESSIVE;
				CLANG_WARN_UNREACHABLE_CODE = YES;
				CLANG_WARN__DUPLICATE_METHOD_MATCH = YES;
				COPY_PHASE_STRIP = NO;
				DEBUG_INFORMATION_FORMAT = "dwarf-with-dsym";
				ENABLE_NS_ASSERTIONS = NO;
				ENABLE_STRICT_OBJC_MSGSEND = YES;
				ENABLE_USER_SCRIPT_SANDBOXING = YES;
				GCC_C_LANGUAGE_STANDARD = gnu17;
				GCC_NO_COMMON_BLOCKS = YES;
				GCC_WARN_64_TO_32_BIT_CONVERSION = YES;
				GCC_WARN_ABOUT_RETURN_TYPE = YES_ERROR;
				GCC_WARN_UNDECLARED_SELECTOR = YES;
				GCC_WARN_UNINITIALIZED_AUTOS = YES_AGGRESSIVE;
				GCC_WARN_UNUSED_FUNCTION = YES;
				GCC_WARN_UNUSED_VARIABLE = YES;
				IPHONEOS_DEPLOYMENT_TARGET = 14.0;
				LOCALIZATION_PREFERS_STRING_CATALOGS = YES;
				MTL_ENABLE_DEBUG_INFO = NO;
				MTL_FAST_MATH = YES;
				SDKROOT = iphoneos;
				SWIFT_COMPILATION_MODE = wholemodule;
				VALIDATE_PRODUCT = YES;
			};
			name = Release;
		};
		7835D7472B515B12007BAF9C /* Debug */ = {
			isa = XCBuildConfiguration;
			buildSettings = {
				ASSETCATALOG_COMPILER_APPICON_NAME = AppIcon;
				ASSETCATALOG_COMPILER_GLOBAL_ACCENT_COLOR_NAME = AccentColor;
				CODE_SIGN_IDENTITY = "Apple Development";
				CODE_SIGN_STYLE = Automatic;
				CURRENT_PROJECT_VERSION = 1;
				DEVELOPMENT_TEAM = D2DRA3F792;
				GENERATE_INFOPLIST_FILE = YES;
				INFOPLIST_FILE = "GoalKeeper-iOS/Info.plist";
				INFOPLIST_KEY_LSApplicationCategoryType = "Privacy - Photo Library Usage Description";
				INFOPLIST_KEY_NSCameraUsageDescription = "사진 촬영가능";
				INFOPLIST_KEY_NSPhotoLibraryUsageDescription = "사진및 동영상 추가권한";
				INFOPLIST_KEY_UIApplicationSupportsIndirectInputEvents = YES;
				INFOPLIST_KEY_UILaunchStoryboardName = LaunchScreen;
				INFOPLIST_KEY_UIMainStoryboardFile = Main;
				INFOPLIST_KEY_UISupportedInterfaceOrientations_iPad = "UIInterfaceOrientationPortrait UIInterfaceOrientationPortraitUpsideDown UIInterfaceOrientationLandscapeLeft UIInterfaceOrientationLandscapeRight";
				INFOPLIST_KEY_UISupportedInterfaceOrientations_iPhone = "UIInterfaceOrientationPortrait UIInterfaceOrientationLandscapeLeft UIInterfaceOrientationLandscapeRight";
				LD_RUNPATH_SEARCH_PATHS = (
					"$(inherited)",
					"@executable_path/Frameworks",
				);
				MARKETING_VERSION = 1.0;
				PRODUCT_BUNDLE_IDENTIFIER = "yizihoon.GoalKeeper-iOS";
				PRODUCT_NAME = "$(TARGET_NAME)";
				PROVISIONING_PROFILE_SPECIFIER = "";
				SWIFT_EMIT_LOC_STRINGS = YES;
				SWIFT_VERSION = 5.0;
				TARGETED_DEVICE_FAMILY = "1,2";
			};
			name = Debug;
		};
		7835D7482B515B12007BAF9C /* Release */ = {
			isa = XCBuildConfiguration;
			buildSettings = {
				ASSETCATALOG_COMPILER_APPICON_NAME = AppIcon;
				ASSETCATALOG_COMPILER_GLOBAL_ACCENT_COLOR_NAME = AccentColor;
				CODE_SIGN_IDENTITY = "Apple Development";
				CODE_SIGN_STYLE = Automatic;
				CURRENT_PROJECT_VERSION = 1;
				DEVELOPMENT_TEAM = D2DRA3F792;
				GENERATE_INFOPLIST_FILE = YES;
				INFOPLIST_FILE = "GoalKeeper-iOS/Info.plist";
				INFOPLIST_KEY_LSApplicationCategoryType = "Privacy - Photo Library Usage Description";
				INFOPLIST_KEY_NSCameraUsageDescription = "사진 촬영가능";
				INFOPLIST_KEY_NSPhotoLibraryUsageDescription = "사진및 동영상 추가권한";
				INFOPLIST_KEY_UIApplicationSupportsIndirectInputEvents = YES;
				INFOPLIST_KEY_UILaunchStoryboardName = LaunchScreen;
				INFOPLIST_KEY_UIMainStoryboardFile = Main;
				INFOPLIST_KEY_UISupportedInterfaceOrientations_iPad = "UIInterfaceOrientationPortrait UIInterfaceOrientationPortraitUpsideDown UIInterfaceOrientationLandscapeLeft UIInterfaceOrientationLandscapeRight";
				INFOPLIST_KEY_UISupportedInterfaceOrientations_iPhone = "UIInterfaceOrientationPortrait UIInterfaceOrientationLandscapeLeft UIInterfaceOrientationLandscapeRight";
				LD_RUNPATH_SEARCH_PATHS = (
					"$(inherited)",
					"@executable_path/Frameworks",
				);
				MARKETING_VERSION = 1.0;
				PRODUCT_BUNDLE_IDENTIFIER = "yizihoon.GoalKeeper-iOS";
				PRODUCT_NAME = "$(TARGET_NAME)";
				PROVISIONING_PROFILE_SPECIFIER = "";
				SWIFT_EMIT_LOC_STRINGS = YES;
				SWIFT_VERSION = 5.0;
				TARGETED_DEVICE_FAMILY = "1,2";
			};
			name = Release;
		};
/* End XCBuildConfiguration section */

/* Begin XCConfigurationList section */
		7835D72D2B515B11007BAF9C /* Build configuration list for PBXProject "GoalKeeper-iOS" */ = {
			isa = XCConfigurationList;
			buildConfigurations = (
				7835D7442B515B12007BAF9C /* Debug */,
				7835D7452B515B12007BAF9C /* Release */,
			);
			defaultConfigurationIsVisible = 0;
			defaultConfigurationName = Release;
		};
		7835D7462B515B12007BAF9C /* Build configuration list for PBXNativeTarget "GoalKeeper-iOS" */ = {
			isa = XCConfigurationList;
			buildConfigurations = (
				7835D7472B515B12007BAF9C /* Debug */,
				7835D7482B515B12007BAF9C /* Release */,
			);
			defaultConfigurationIsVisible = 0;
			defaultConfigurationName = Release;
		};
/* End XCConfigurationList section */

/* Begin XCRemoteSwiftPackageReference section */
		233E9F5C2B51702000192B24 /* XCRemoteSwiftPackageReference "Then" */ = {
			isa = XCRemoteSwiftPackageReference;
			repositoryURL = "https://github.com/devxoul/Then";
			requirement = {
				kind = upToNextMajorVersion;
				minimumVersion = 3.0.0;
			};
		};
		233E9F5F2B51704D00192B24 /* XCRemoteSwiftPackageReference "SnapKit" */ = {
			isa = XCRemoteSwiftPackageReference;
			repositoryURL = "https://github.com/SnapKit/SnapKit.git";
			requirement = {
				kind = upToNextMajorVersion;
				minimumVersion = 5.7.0;
			};
		};
		233E9F642B5170B500192B24 /* XCRemoteSwiftPackageReference "Alamofire" */ = {
			isa = XCRemoteSwiftPackageReference;
			repositoryURL = "https://github.com/Alamofire/Alamofire";
			requirement = {
				kind = upToNextMajorVersion;
				minimumVersion = 5.8.1;
			};
		};
		78E193FD2B5171B300128361 /* XCRemoteSwiftPackageReference "LookinServer" */ = {
			isa = XCRemoteSwiftPackageReference;
			repositoryURL = "https://github.com/QMUI/LookinServer";
			requirement = {
				kind = upToNextMajorVersion;
				minimumVersion = 1.2.6;
			};
		};
		78FEBE452B5199DD0094A4F0 /* XCRemoteSwiftPackageReference "BSImagePicker" */ = {
			isa = XCRemoteSwiftPackageReference;
			repositoryURL = "https://github.com/mikaoj/BSImagePicker.git";
			requirement = {
				kind = upToNextMajorVersion;
				minimumVersion = 3.3.1;
			};
		};
/* End XCRemoteSwiftPackageReference section */

/* Begin XCSwiftPackageProductDependency section */
		233E9F5D2B51702000192B24 /* Then */ = {
			isa = XCSwiftPackageProductDependency;
			package = 233E9F5C2B51702000192B24 /* XCRemoteSwiftPackageReference "Then" */;
			productName = Then;
		};
		233E9F602B51704D00192B24 /* SnapKit */ = {
			isa = XCSwiftPackageProductDependency;
			package = 233E9F5F2B51704D00192B24 /* XCRemoteSwiftPackageReference "SnapKit" */;
			productName = SnapKit;
		};
		233E9F652B5170B500192B24 /* Alamofire */ = {
			isa = XCSwiftPackageProductDependency;
			package = 233E9F642B5170B500192B24 /* XCRemoteSwiftPackageReference "Alamofire" */;
			productName = Alamofire;
		};
		78E193FE2B5171B300128361 /* LookinServer */ = {
			isa = XCSwiftPackageProductDependency;
			package = 78E193FD2B5171B300128361 /* XCRemoteSwiftPackageReference "LookinServer" */;
			productName = LookinServer;
		};
		78FEBE462B5199DD0094A4F0 /* BSImagePicker */ = {
			isa = XCSwiftPackageProductDependency;
			package = 78FEBE452B5199DD0094A4F0 /* XCRemoteSwiftPackageReference "BSImagePicker" */;
			productName = BSImagePicker;
		};
/* End XCSwiftPackageProductDependency section */
	};
	rootObject = 7835D72A2B515B11007BAF9C /* Project object */;
}
